// !$*UTF8*$!
{
	archiveVersion = 1;
	classes = {
	};
	objectVersion = 56;
	objects = {

/* Begin PBXBuildFile section */
		580C66FA3048F9CF00C85FC7 /* LocationManager.swift in Sources */ = {isa = PBXBuildFile; fileRef = 580C66F93048F9C700C85FC7 /* LocationManager.swift */; };
		58386C30305301E1008BFE72 /* Assests.xcassets in Resources */ = {isa = PBXBuildFile; fileRef = 58386C2F305301E1008BFE72 /* Assests.xcassets */; };
		586277E83062D20D00E8E924 /* SettingsView.swift in Sources */ = {isa = PBXBuildFile; fileRef = 586277E73062D1E600E8E924 /* SettingsView.swift */; };
		586277EA306573B700E8E924 /* Danger Alarm Sound Effect.mp3 in Resources */ = {isa = PBXBuildFile; fileRef = 586277E9306573B700E8E924 /* Danger Alarm Sound Effect.mp3 */; };
		586277EC3065749B00E8E924 /* EmergencyAlarmManager.swift in Sources */ = {isa = PBXBuildFile; fileRef = 586277EB3065748800E8E924 /* EmergencyAlarmManager.swift */; };
		58A9C608305A219D007C41DC /* FamilyDevicesView.swift in Sources */ = {isa = PBXBuildFile; fileRef = 58A9C604305A219D007C41DC /* FamilyDevicesView.swift */; };
		58A9C609305A219D007C41DC /* FamilyAPIClient.swift in Sources */ = {isa = PBXBuildFile; fileRef = 58A9C606305A219D007C41DC /* FamilyAPIClient.swift */; };
		58A9C60A305A219D007C41DC /* FamilyDeviceManager.swift in Sources */ = {isa = PBXBuildFile; fileRef = 58A9C603305A219D007C41DC /* FamilyDeviceManager.swift */; };
		58A9C60D305A2806007C41DC /* EMSCountdown.swift in Sources */ = {isa = PBXBuildFile; fileRef = 58A9C60C305A2801007C41DC /* EMSCountdown.swift */; };
		58A9C611305B6E43007C41DC /* EMSTimerManager.swift in Sources */ = {isa = PBXBuildFile; fileRef = 58A9C610305B6E3E007C41DC /* EMSTimerManager.swift */; };
		58A9C614305B84A4007C41DC /* Futura Condensed.ttf in Resources */ = {isa = PBXBuildFile; fileRef = 58A9C612305B84A4007C41DC /* Futura Condensed.ttf */; };
		58A9C615305B84A4007C41DC /* Helvetica-Neue-Condensed-Black.ttf in Resources */ = {isa = PBXBuildFile; fileRef = 58A9C613305B84A4007C41DC /* Helvetica-Neue-Condensed-Black.ttf */; };
		58A9C617305B8626007C41DC /* HexagonGrid.swift in Sources */ = {isa = PBXBuildFile; fileRef = 58A9C616305B8603007C41DC /* HexagonGrid.swift */; };
		58A9C619305B86AD007C41DC /* MarqueeText.swift in Sources */ = {isa = PBXBuildFile; fileRef = 58A9C618305B86A4007C41DC /* MarqueeText.swift */; };
		58EEBDCF3049B829007BB825 /* MapScreen.swift in Sources */ = {isa = PBXBuildFile; fileRef = 58EEBDCE3049B829007BB825 /* MapScreen.swift */; };
		A10000000000000000000001 /* LifeLoopApp.swift in Sources */ = {isa = PBXBuildFile; fileRef = B10000000000000000000001 /* LifeLoopApp.swift */; };
		A10000000000000000000002 /* ContentView.swift in Sources */ = {isa = PBXBuildFile; fileRef = B10000000000000000000002 /* ContentView.swift */; };
		A10000000000000000000003 /* LifeLoopState.swift in Sources */ = {isa = PBXBuildFile; fileRef = B10000000000000000000003 /* LifeLoopState.swift */; };
		A10000000000000000000004 /* BLEMonitor.swift in Sources */ = {isa = PBXBuildFile; fileRef = B10000000000000000000004 /* BLEMonitor.swift */; };
		FB56C6103062D9DA00239815 /* AWSAPIPlugin in Frameworks */ = {isa = PBXBuildFile; productRef = FB56C60F3062D9DA00239815 /* AWSAPIPlugin */; };
		FB56C6123062D9DA00239815 /* AWSCognitoAuthPlugin in Frameworks */ = {isa = PBXBuildFile; productRef = FB56C6113062D9DA00239815 /* AWSCognitoAuthPlugin */; };
		FB56C6143062D9DA00239815 /* Amplify in Frameworks */ = {isa = PBXBuildFile; productRef = FB56C6133062D9DA00239815 /* Amplify */; };
		FB56C61A3062E3DD00239815 /* amplifyconfiguration.json in Resources */ = {isa = PBXBuildFile; fileRef = FB56C6193062E3DD00239815 /* amplifyconfiguration.json */; };
/* End PBXBuildFile section */

/* Begin PBXFileReference section */
		580C66F93048F9C700C85FC7 /* LocationManager.swift */ = {isa = PBXFileReference; lastKnownFileType = sourcecode.swift; path = LocationManager.swift; sourceTree = "<group>"; };
		58386C2F305301E1008BFE72 /* Assests.xcassets */ = {isa = PBXFileReference; lastKnownFileType = folder.assetcatalog; path = Assests.xcassets; sourceTree = "<group>"; };
		586277E73062D1E600E8E924 /* SettingsView.swift */ = {isa = PBXFileReference; lastKnownFileType = sourcecode.swift; path = SettingsView.swift; sourceTree = "<group>"; };
		586277E9306573B700E8E924 /* Danger Alarm Sound Effect.mp3 */ = {isa = PBXFileReference; lastKnownFileType = audio.mp3; path = "Danger Alarm Sound Effect.mp3"; sourceTree = "<group>"; };
		586277EB3065748800E8E924 /* EmergencyAlarmManager.swift */ = {isa = PBXFileReference; lastKnownFileType = sourcecode.swift; path = EmergencyAlarmManager.swift; sourceTree = "<group>"; };
		586277EE3065818A00E8E924 /* Secrets.xcconfig */ = {isa = PBXFileReference; lastKnownFileType = text.xcconfig; path = Secrets.xcconfig; sourceTree = "<group>"; };
		58A9C603305A219D007C41DC /* FamilyDeviceManager.swift */ = {isa = PBXFileReference; lastKnownFileType = sourcecode.swift; path = FamilyDeviceManager.swift; sourceTree = "<group>"; };
		58A9C604305A219D007C41DC /* FamilyDevicesView.swift */ = {isa = PBXFileReference; lastKnownFileType = sourcecode.swift; path = FamilyDevicesView.swift; sourceTree = "<group>"; };
		58A9C606305A219D007C41DC /* FamilyAPIClient.swift */ = {isa = PBXFileReference; lastKnownFileType = sourcecode.swift; path = FamilyAPIClient.swift; sourceTree = "<group>"; };
		58A9C60C305A2801007C41DC /* EMSCountdown.swift */ = {isa = PBXFileReference; lastKnownFileType = sourcecode.swift; path = EMSCountdown.swift; sourceTree = "<group>"; };
		58A9C610305B6E3E007C41DC /* EMSTimerManager.swift */ = {isa = PBXFileReference; lastKnownFileType = sourcecode.swift; path = EMSTimerManager.swift; sourceTree = "<group>"; };
		58A9C612305B84A4007C41DC /* Futura Condensed.ttf */ = {isa = PBXFileReference; lastKnownFileType = file; path = "Futura Condensed.ttf"; sourceTree = "<group>"; };
		58A9C613305B84A4007C41DC /* Helvetica-Neue-Condensed-Black.ttf */ = {isa = PBXFileReference; lastKnownFileType = file; path = "Helvetica-Neue-Condensed-Black.ttf"; sourceTree = "<group>"; };
		58A9C616305B8603007C41DC /* HexagonGrid.swift */ = {isa = PBXFileReference; lastKnownFileType = sourcecode.swift; path = HexagonGrid.swift; sourceTree = "<group>"; };
		58A9C618305B86A4007C41DC /* MarqueeText.swift */ = {isa = PBXFileReference; lastKnownFileType = sourcecode.swift; path = MarqueeText.swift; sourceTree = "<group>"; };
		58EEBDCE3049B829007BB825 /* MapScreen.swift */ = {isa = PBXFileReference; lastKnownFileType = sourcecode.swift; path = MapScreen.swift; sourceTree = "<group>"; };
		B10000000000000000000001 /* LifeLoopApp.swift */ = {isa = PBXFileReference; lastKnownFileType = sourcecode.swift; path = LifeLoopApp.swift; sourceTree = "<group>"; };
		B10000000000000000000002 /* ContentView.swift */ = {isa = PBXFileReference; lastKnownFileType = sourcecode.swift; path = ContentView.swift; sourceTree = "<group>"; };
		B10000000000000000000003 /* LifeLoopState.swift */ = {isa = PBXFileReference; lastKnownFileType = sourcecode.swift; path = LifeLoopState.swift; sourceTree = "<group>"; };
		B10000000000000000000004 /* BLEMonitor.swift */ = {isa = PBXFileReference; lastKnownFileType = sourcecode.swift; path = BLEMonitor.swift; sourceTree = "<group>"; };
		B10000000000000000000005 /* Info.plist */ = {isa = PBXFileReference; lastKnownFileType = text.plist.xml; path = Info.plist; sourceTree = "<group>"; };
		B10000000000000000000006 /* LifeLoop.app */ = {isa = PBXFileReference; explicitFileType = wrapper.application; includeInIndex = 0; path = LifeLoop.app; sourceTree = BUILT_PRODUCTS_DIR; };
		FB56C60C3061FDE700239815 /* Reexports.swift */ = {isa = PBXFileReference; lastKnownFileType = sourcecode.swift; path = Reexports.swift; sourceTree = "<group>"; };
		FB56C60D3061FDE800239815 /* CoreLocationReexport.swift */ = {isa = PBXFileReference; lastKnownFileType = sourcecode.swift; path = CoreLocationReexport.swift; sourceTree = "<group>"; };
		FB56C6193062E3DD00239815 /* amplifyconfiguration.json */ = {isa = PBXFileReference; lastKnownFileType = text.json; path = amplifyconfiguration.json; sourceTree = "<group>"; };
/* End PBXFileReference section */

/* Begin PBXFrameworksBuildPhase section */
		C10000000000000000000001 /* Frameworks */ = {
			isa = PBXFrameworksBuildPhase;
			buildActionMask = 2147483647;
			files = (
				FB56C6143062D9DA00239815 /* Amplify in Frameworks */,
				FB56C6103062D9DA00239815 /* AWSAPIPlugin in Frameworks */,
				FB56C6123062D9DA00239815 /* AWSCognitoAuthPlugin in Frameworks */,
			);
			runOnlyForDeploymentPostprocessing = 0;
		};
/* End PBXFrameworksBuildPhase section */

/* Begin PBXGroup section */
		580C66F83048F98C00C85FC7 /* Location */ = {
			isa = PBXGroup;
			children = (
				580C66F93048F9C700C85FC7 /* LocationManager.swift */,
				58EEBDCE3049B829007BB825 /* MapScreen.swift */,
			);
			path = Location;
			sourceTree = "<group>";
		};
		586277E63062D16100E8E924 /* Settings */ = {
			isa = PBXGroup;
			children = (
				586277E73062D1E600E8E924 /* SettingsView.swift */,
			);
			path = Settings;
			sourceTree = "<group>";
		};
		586277ED3065818000E8E924 /* Secrets */ = {
			isa = PBXGroup;
			children = (
				586277EE3065818A00E8E924 /* Secrets.xcconfig */,
			);
			path = Secrets;
			sourceTree = "<group>";
		};
		58A9C605305A219D007C41DC /* Family */ = {
			isa = PBXGroup;
			children = (
				58A9C603305A219D007C41DC /* FamilyDeviceManager.swift */,
				58A9C604305A219D007C41DC /* FamilyDevicesView.swift */,
			);
			path = Family;
			sourceTree = "<group>";
		};
		58A9C607305A219D007C41DC /* Networking */ = {
			isa = PBXGroup;
			children = (
				58A9C606305A219D007C41DC /* FamilyAPIClient.swift */,
				FB56C6193062E3DD00239815 /* amplifyconfiguration.json */,
			);
			path = Networking;
			sourceTree = "<group>";
		};
		58A9C60B305A27F6007C41DC /* EMS */ = {
			isa = PBXGroup;
			children = (
				586277EB3065748800E8E924 /* EmergencyAlarmManager.swift */,
				58A9C618305B86A4007C41DC /* MarqueeText.swift */,
				58A9C616305B8603007C41DC /* HexagonGrid.swift */,
				58A9C610305B6E3E007C41DC /* EMSTimerManager.swift */,
				58A9C60C305A2801007C41DC /* EMSCountdown.swift */,
				58A9C612305B84A4007C41DC /* Futura Condensed.ttf */,
				58A9C613305B84A4007C41DC /* Helvetica-Neue-Condensed-Black.ttf */,
				586277E9306573B700E8E924 /* Danger Alarm Sound Effect.mp3 */,
			);
			path = EMS;
			sourceTree = "<group>";
		};
		D10000000000000000000001 = {
			isa = PBXGroup;
			children = (
				586277ED3065818000E8E924 /* Secrets */,
				D10000000000000000000002 /* LifeLoop */,
				FB56C60C3061FDE700239815 /* Reexports.swift */,
				FB56C60D3061FDE800239815 /* CoreLocationReexport.swift */,
				D10000000000000000000005 /* Products */,
			);
			sourceTree = "<group>";
		};
		D10000000000000000000002 /* LifeLoop */ = {
			isa = PBXGroup;
			children = (
				586277E63062D16100E8E924 /* Settings */,
				58A9C60B305A27F6007C41DC /* EMS */,
				58A9C605305A219D007C41DC /* Family */,
				58A9C607305A219D007C41DC /* Networking */,
				580C66F83048F98C00C85FC7 /* Location */,
				B10000000000000000000001 /* LifeLoopApp.swift */,
				B10000000000000000000002 /* ContentView.swift */,
				D10000000000000000000003 /* Models */,
				D10000000000000000000004 /* Bluetooth */,
				B10000000000000000000005 /* Info.plist */,
				58386C2F305301E1008BFE72 /* Assests.xcassets */,
			);
			name = LifeLoop;
			sourceTree = "<group>";
		};
		D10000000000000000000003 /* Models */ = {
			isa = PBXGroup;
			children = (
				B10000000000000000000003 /* LifeLoopState.swift */,
			);
			path = Models;
			sourceTree = "<group>";
		};
		D10000000000000000000004 /* Bluetooth */ = {
			isa = PBXGroup;
			children = (
				B10000000000000000000004 /* BLEMonitor.swift */,
			);
			path = Bluetooth;
			sourceTree = "<group>";
		};
		D10000000000000000000005 /* Products */ = {
			isa = PBXGroup;
			children = (
				B10000000000000000000006 /* LifeLoop.app */,
			);
			name = Products;
			sourceTree = "<group>";
		};
/* End PBXGroup section */

/* Begin PBXNativeTarget section */
		E10000000000000000000001 /* LifeLoop */ = {
			isa = PBXNativeTarget;
			buildConfigurationList = F10000000000000000000002 /* Build configuration list for PBXNativeTarget "LifeLoop" */;
			buildPhases = (
				C10000000000000000000002 /* Sources */,
				C10000000000000000000001 /* Frameworks */,
				C10000000000000000000003 /* Resources */,
			);
			buildRules = (
			);
			dependencies = (
			);
			name = LifeLoop;
			packageProductDependencies = (
				FB56C60F3062D9DA00239815 /* AWSAPIPlugin */,
				FB56C6113062D9DA00239815 /* AWSCognitoAuthPlugin */,
				FB56C6133062D9DA00239815 /* Amplify */,
			);
			productName = LifeLoop;
			productReference = B10000000000000000000006 /* LifeLoop.app */;
			productType = "com.apple.product-type.application";
		};
/* End PBXNativeTarget section */

/* Begin PBXProject section */
		E10000000000000000000002 /* Project object */ = {
			isa = PBXProject;
			attributes = {
				BuildIndependentTargetsInParallel = 1;
				LastSwiftUpdateCheck = 1600;
				LastUpgradeCheck = 2660;
				TargetAttributes = {
					E10000000000000000000001 = {
						CreatedOnToolsVersion = 16.0;
					};
				};
			};
			buildConfigurationList = F10000000000000000000001 /* Build configuration list for PBXProject "LifeLoop" */;
			compatibilityVersion = "Xcode 14.0";
			developmentRegion = en;
			hasScannedForEncodings = 0;
			knownRegions = (
				en,
				Base,
			);
			mainGroup = D10000000000000000000001;
			packageReferences = (
				FB56C60E3062D9D900239815 /* XCRemoteSwiftPackageReference "amplify-swift" */,
			);
			productRefGroup = D10000000000000000000005 /* Products */;
			projectDirPath = "";
			projectRoot = "";
			targets = (
				E10000000000000000000001 /* LifeLoop */,
			);
		};
/* End PBXProject section */

/* Begin PBXResourcesBuildPhase section */
		C10000000000000000000003 /* Resources */ = {
			isa = PBXResourcesBuildPhase;
			buildActionMask = 2147483647;
			files = (
				58386C30305301E1008BFE72 /* Assests.xcassets in Resources */,
				58A9C614305B84A4007C41DC /* Futura Condensed.ttf in Resources */,
				58A9C615305B84A4007C41DC /* Helvetica-Neue-Condensed-Black.ttf in Resources */,
				FB56C61A3062E3DD00239815 /* amplifyconfiguration.json in Resources */,
				586277EA306573B700E8E924 /* Danger Alarm Sound Effect.mp3 in Resources */,
			);
			runOnlyForDeploymentPostprocessing = 0;
		};
/* End PBXResourcesBuildPhase section */

/* Begin PBXSourcesBuildPhase section */
		C10000000000000000000002 /* Sources */ = {
			isa = PBXSourcesBuildPhase;
			buildActionMask = 2147483647;
			files = (
				58A9C611305B6E43007C41DC /* EMSTimerManager.swift in Sources */,
				58EEBDCF3049B829007BB825 /* MapScreen.swift in Sources */,
				A10000000000000000000001 /* LifeLoopApp.swift in Sources */,
				A10000000000000000000002 /* ContentView.swift in Sources */,
				58A9C60D305A2806007C41DC /* EMSCountdown.swift in Sources */,
				580C66FA3048F9CF00C85FC7 /* LocationManager.swift in Sources */,
				A10000000000000000000003 /* LifeLoopState.swift in Sources */,
				586277EC3065749B00E8E924 /* EmergencyAlarmManager.swift in Sources */,
				586277E83062D20D00E8E924 /* SettingsView.swift in Sources */,
				58A9C608305A219D007C41DC /* FamilyDevicesView.swift in Sources */,
				58A9C617305B8626007C41DC /* HexagonGrid.swift in Sources */,
				58A9C609305A219D007C41DC /* FamilyAPIClient.swift in Sources */,
				58A9C60A305A219D007C41DC /* FamilyDeviceManager.swift in Sources */,
				A10000000000000000000004 /* BLEMonitor.swift in Sources */,
				58A9C619305B86AD007C41DC /* MarqueeText.swift in Sources */,
			);
			runOnlyForDeploymentPostprocessing = 0;
		};
/* End PBXSourcesBuildPhase section */

/* Begin XCBuildConfiguration section */
		F10000000000000000000003 /* Debug */ = {
			isa = XCBuildConfiguration;
			buildSettings = {
				ALWAYS_SEARCH_USER_PATHS = NO;
				CLANG_ENABLE_MODULES = YES;
				CLANG_ENABLE_OBJC_ARC = YES;
				CLANG_WARN_BLOCK_CAPTURE_AUTORELEASING = YES;
				CLANG_WARN_BOOL_CONVERSION = YES;
				CLANG_WARN_COMMA = YES;
				CLANG_WARN_CONSTANT_CONVERSION = YES;
				CLANG_WARN_DEPRECATED_OBJC_IMPLEMENTATIONS = YES;
				CLANG_WARN_DOCUMENTATION_COMMENTS = YES;
				CLANG_WARN_EMPTY_BODY = YES;
				CLANG_WARN_ENUM_CONVERSION = YES;
				CLANG_WARN_INFINITE_RECURSION = YES;
				CLANG_WARN_INT_CONVERSION = YES;
				CLANG_WARN_NON_LITERAL_NULL_CONVERSION = YES;
				CLANG_WARN_OBJC_IMPLICIT_RETAIN_SELF = YES;
				CLANG_WARN_OBJC_LITERAL_CONVERSION = YES;
				CLANG_WARN_QUOTED_INCLUDE_IN_FRAMEWORK_HEADER = YES;
				CLANG_WARN_RANGE_LOOP_ANALYSIS = YES;
				CLANG_WARN_STRICT_PROTOTYPES = YES;
				CLANG_WARN_SUSPICIOUS_MOVE = YES;
				CLANG_WARN_UNREACHABLE_CODE = YES;
				CLANG_WARN__DUPLICATE_METHOD_MATCH = YES;
				COPY_PHASE_STRIP = NO;
				DEBUG_INFORMATION_FORMAT = dwarf;
				DEVELOPMENT_TEAM = BYX6MH2GQG;
				ENABLE_STRICT_OBJC_MSGSEND = YES;
				ENABLE_TESTABILITY = YES;
				ENABLE_USER_SCRIPT_SANDBOXING = YES;
				GCC_C_LANGUAGE_STANDARD = gnu17;
				GCC_DYNAMIC_NO_PIC = NO;
				GCC_NO_COMMON_BLOCKS = YES;
				GCC_OPTIMIZATION_LEVEL = 0;
				GCC_PREPROCESSOR_DEFINITIONS = (
					"DEBUG=1",
					"$(inherited)",
				);
				GCC_WARN_64_TO_32_BIT_CONVERSION = YES;
				GCC_WARN_ABOUT_RETURN_TYPE = YES;
				GCC_WARN_UNDECLARED_SELECTOR = YES;
				GCC_WARN_UNINITIALIZED_AUTOS = YES;
				GCC_WARN_UNUSED_FUNCTION = YES;
				GCC_WARN_UNUSED_VARIABLE = YES;
				IPHONEOS_DEPLOYMENT_TARGET = 17.0;
				MTL_ENABLE_DEBUG_INFO = INCLUDE_SOURCE;
				ONLY_ACTIVE_ARCH = YES;
				SDKROOT = iphoneos;
				STRING_CATALOG_GENERATE_SYMBOLS = YES;
				SWIFT_ACTIVE_COMPILATION_CONDITIONS = "DEBUG $(inherited)";
				SWIFT_OPTIMIZATION_LEVEL = "-Onone";
			};
			name = Debug;
		};
		F10000000000000000000004 /* Release */ = {
			isa = XCBuildConfiguration;
			buildSettings = {
				ALWAYS_SEARCH_USER_PATHS = NO;
				CLANG_ENABLE_MODULES = YES;
				CLANG_ENABLE_OBJC_ARC = YES;
				CLANG_WARN_BLOCK_CAPTURE_AUTORELEASING = YES;
				CLANG_WARN_BOOL_CONVERSION = YES;
				CLANG_WARN_COMMA = YES;
				CLANG_WARN_CONSTANT_CONVERSION = YES;
				CLANG_WARN_DEPRECATED_OBJC_IMPLEMENTATIONS = YES;
				CLANG_WARN_DOCUMENTATION_COMMENTS = YES;
				CLANG_WARN_EMPTY_BODY = YES;
				CLANG_WARN_ENUM_CONVERSION = YES;
				CLANG_WARN_INFINITE_RECURSION = YES;
				CLANG_WARN_INT_CONVERSION = YES;
				CLANG_WARN_NON_LITERAL_NULL_CONVERSION = YES;
				CLANG_WARN_OBJC_IMPLICIT_RETAIN_SELF = YES;
				CLANG_WARN_OBJC_LITERAL_CONVERSION = YES;
				CLANG_WARN_QUOTED_INCLUDE_IN_FRAMEWORK_HEADER = YES;
				CLANG_WARN_RANGE_LOOP_ANALYSIS = YES;
				CLANG_WARN_STRICT_PROTOTYPES = YES;
				CLANG_WARN_SUSPICIOUS_MOVE = YES;
				CLANG_WARN_UNREACHABLE_CODE = YES;
				CLANG_WARN__DUPLICATE_METHOD_MATCH = YES;
				COPY_PHASE_STRIP = YES;
				DEBUG_INFORMATION_FORMAT = "dwarf-with-dsym";
				DEVELOPMENT_TEAM = BYX6MH2GQG;
				ENABLE_STRICT_OBJC_MSGSEND = YES;
				ENABLE_USER_SCRIPT_SANDBOXING = YES;
				GCC_C_LANGUAGE_STANDARD = gnu17;
				GCC_NO_COMMON_BLOCKS = YES;
				GCC_WARN_64_TO_32_BIT_CONVERSION = YES;
				GCC_WARN_ABOUT_RETURN_TYPE = YES;
				GCC_WARN_UNDECLARED_SELECTOR = YES;
				GCC_WARN_UNINITIALIZED_AUTOS = YES;
				GCC_WARN_UNUSED_FUNCTION = YES;
				GCC_WARN_UNUSED_VARIABLE = YES;
				IPHONEOS_DEPLOYMENT_TARGET = 17.0;
				MTL_ENABLE_DEBUG_INFO = NO;
				SDKROOT = iphoneos;
				STRING_CATALOG_GENERATE_SYMBOLS = YES;
				SWIFT_COMPILATION_MODE = wholemodule;
			};
			name = Release;
		};
		F10000000000000000000005 /* Debug */ = {
			isa = XCBuildConfiguration;
			buildSettings = {
				ASSETCATALOG_COMPILER_APPICON_NAME = AppIcon;
				ASSETCATALOG_COMPILER_INCLUDE_ALL_APPICON_ASSETS = NO;
				CODE_SIGN_STYLE = Automatic;
				CURRENT_PROJECT_VERSION = 1;
				DEVELOPMENT_TEAM = BYX6MH2GQG;
				GENERATE_INFOPLIST_FILE = NO;
				INFOPLIST_FILE = Info.plist;
				IPHONEOS_DEPLOYMENT_TARGET = 17.0;
				MARKETING_VERSION = 1.0;
				PRODUCT_BUNDLE_IDENTIFIER = app.ShortCircuit.LifeLoop;
				PRODUCT_NAME = "$(TARGET_NAME)";
				SUPPORTED_PLATFORMS = "iphoneos iphonesimulator";
				SUPPORTS_MACCATALYST = NO;
				SWIFT_EMIT_LOC_STRINGS = YES;
				SWIFT_VERSION = 5.0;
				TARGETED_DEVICE_FAMILY = "1,2";
			};
			name = Debug;
		};
		F10000000000000000000006 /* Release */ = {
			isa = XCBuildConfiguration;
			buildSettings = {
				ASSETCATALOG_COMPILER_APPICON_NAME = AppIcon;
				ASSETCATALOG_COMPILER_INCLUDE_ALL_APPICON_ASSETS = NO;
				CODE_SIGN_STYLE = Automatic;
				CURRENT_PROJECT_VERSION = 1;
				DEVELOPMENT_TEAM = BYX6MH2GQG;
				GENERATE_INFOPLIST_FILE = NO;
				INFOPLIST_FILE = Info.plist;
				IPHONEOS_DEPLOYMENT_TARGET = 17.0;
				MARKETING_VERSION = 1.0;
				PRODUCT_BUNDLE_IDENTIFIER = app.ShortCircuit.LifeLoop;
				PRODUCT_NAME = "$(TARGET_NAME)";
				SUPPORTED_PLATFORMS = "iphoneos iphonesimulator";
				SUPPORTS_MACCATALYST = NO;
				SWIFT_EMIT_LOC_STRINGS = YES;
				SWIFT_VERSION = 5.0;
				TARGETED_DEVICE_FAMILY = "1,2";
			};
			name = Release;
		};
/* End XCBuildConfiguration section */

/* Begin XCConfigurationList section */
		F10000000000000000000001 /* Build configuration list for PBXProject "LifeLoop" */ = {
			isa = XCConfigurationList;
			buildConfigurations = (
				F10000000000000000000003 /* Debug */,
				F10000000000000000000004 /* Release */,
			);
			defaultConfigurationIsVisible = 0;
			defaultConfigurationName = Release;
		};
		F10000000000000000000002 /* Build configuration list for PBXNativeTarget "LifeLoop" */ = {
			isa = XCConfigurationList;
			buildConfigurations = (
				F10000000000000000000005 /* Debug */,
				F10000000000000000000006 /* Release */,
			);
			defaultConfigurationIsVisible = 0;
			defaultConfigurationName = Release;
		};
/* End XCConfigurationList section */

/* Begin XCRemoteSwiftPackageReference section */
		FB56C60E3062D9D900239815 /* XCRemoteSwiftPackageReference "amplify-swift" */ = {
			isa = XCRemoteSwiftPackageReference;
			repositoryURL = "https://github.com/aws-amplify/amplify-swift";
			requirement = {
				kind = upToNextMajorVersion;
				minimumVersion = 2.61.0;
			};
		};
/* End XCRemoteSwiftPackageReference section */

/* Begin XCSwiftPackageProductDependency section */
		FB56C60F3062D9DA00239815 /* AWSAPIPlugin */ = {
			isa = XCSwiftPackageProductDependency;
			package = FB56C60E3062D9D900239815 /* XCRemoteSwiftPackageReference "amplify-swift" */;
			productName = AWSAPIPlugin;
		};
		FB56C6113062D9DA00239815 /* AWSCognitoAuthPlugin */ = {
			isa = XCSwiftPackageProductDependency;
			package = FB56C60E3062D9D900239815 /* XCRemoteSwiftPackageReference "amplify-swift" */;
			productName = AWSCognitoAuthPlugin;
		};
		FB56C6133062D9DA00239815 /* Amplify */ = {
			isa = XCSwiftPackageProductDependency;
			package = FB56C60E3062D9D900239815 /* XCRemoteSwiftPackageReference "amplify-swift" */;
			productName = Amplify;
		};
/* End XCSwiftPackageProductDependency section */
	};
	rootObject = E10000000000000000000002 /* Project object */;
}
